
Microsoft Visual Studio Solution File, Format Version 12.00
# Visual Studio Version 17
VisualStudioVersion = 17.9.34607.119
MinimumVisualStudioVersion = 10.0.40219.1
Project("{9A19103F-16F7-4668-BE54-9A1E7A4F7556}") = "ConveyorCV_frontend", "ConveyorCV_frontend\ConveyorCV_frontend.csproj", "{4C230A6B-84CF-4156-9F26-4F07D598BEE6}"
EndProject
Project("{9A19103F-16F7-4668-BE54-9A1E7A4F7556}") = "ConveyorCV_frontend.Desktop", "ConveyorCV_frontend.Desktop\ConveyorCV_frontend.Desktop.csproj", "{16A48A5C-EA1A-48EF-895B-54EDDFB8DB04}"
EndProject
Project("{9A19103F-16F7-4668-BE54-9A1E7A4F7556}") = "ConveyorCV_frontend.Browser", "ConveyorCV_frontend.Browser\ConveyorCV_frontend.Browser.csproj", "{B84C99DC-D0C7-488A-BCEC-AF443E91F565}"
EndProject
Global
	GlobalSection(SolutionConfigurationPlatforms) = preSolution
		Debug|Any CPU = Debug|Any CPU
		Release|Any CPU = Release|Any CPU
	EndGlobalSection
	GlobalSection(ProjectConfigurationPlatforms) = postSolution
		{4C230A6B-84CF-4156-9F26-4F07D598BEE6}.Debug|Any CPU.ActiveCfg = Debug|Any CPU
		{4C230A6B-84CF-4156-9F26-4F07D598BEE6}.Debug|Any CPU.Build.0 = Debug|Any CPU
		{4C230A6B-84CF-4156-9F26-4F07D598BEE6}.Release|Any CPU.ActiveCfg = Release|Any CPU
		{4C230A6B-84CF-4156-9F26-4F07D598BEE6}.Release|Any CPU.Build.0 = Release|Any CPU
		{16A48A5C-EA1A-48EF-895B-54EDDFB8DB04}.Debug|Any CPU.ActiveCfg = Debug|Any CPU
		{16A48A5C-EA1A-48EF-895B-54EDDFB8DB04}.Debug|Any CPU.Build.0 = Debug|Any CPU
		{16A48A5C-EA1A-48EF-895B-54EDDFB8DB04}.Release|Any CPU.ActiveCfg = Release|Any CPU
		{16A48A5C-EA1A-48EF-895B-54EDDFB8DB04}.Release|Any CPU.Build.0 = Release|Any CPU
		{B84C99DC-D0C7-488A-BCEC-AF443E91F565}.Debug|Any CPU.ActiveCfg = Debug|Any CPU
		{B84C99DC-D0C7-488A-BCEC-AF443E91F565}.Debug|Any CPU.Build.0 = Debug|Any CPU
		{B84C99DC-D0C7-488A-BCEC-AF443E91F565}.Release|Any CPU.ActiveCfg = Release|Any CPU
		{B84C99DC-D0C7-488A-BCEC-AF443E91F565}.Release|Any CPU.Build.0 = Release|Any CPU
		{878A3953-87D7-411C-9CDF-46A6FC56F004}.Debug|Any CPU.ActiveCfg = Debug|Any CPU
		{878A3953-87D7-411C-9CDF-46A6FC56F004}.Debug|Any CPU.Build.0 = Debug|Any CPU
		{878A3953-87D7-411C-9CDF-46A6FC56F004}.Debug|Any CPU.Deploy.0 = Debug|Any CPU
		{878A3953-87D7-411C-9CDF-46A6FC56F004}.Release|Any CPU.ActiveCfg = Release|Any CPU
		{878A3953-87D7-411C-9CDF-46A6FC56F004}.Release|Any CPU.Build.0 = Release|Any CPU
		{878A3953-87D7-411C-9CDF-46A6FC56F004}.Release|Any CPU.Deploy.0 = Release|Any CPU
	EndGlobalSection
	GlobalSection(SolutionProperties) = preSolution
		HideSolutionNode = FALSE
	EndGlobalSection
	GlobalSection(ExtensibilityGlobals) = postSolution
		SolutionGuid = {E111E086-D729-40C9-BA4F-FE30BFA41ED6}
	EndGlobalSection
EndGlobal
